
Microsoft Visual Studio Solution File, Format Version 12.00
# Visual Studio Version 16
VisualStudioVersion = 16.0.30128.74
MinimumVisualStudioVersion = 10.0.40219.1
Project("{FAE04EC0-301F-11D3-BF4B-00C04F79EFBC}") = "HTML", "HTML\HTML.csproj", "{7644721F-AF52-4A37-90E0-8EA51BF199EC}"
EndProject
Project("{FAE04EC0-301F-11D3-BF4B-00C04F79EFBC}") = "CSS Table", "CSS Text\CSS Table.csproj", "{C9837DCF-CC33-4789-8FFF-858AF110D248}"
EndProject
Project("{FAE04EC0-301F-11D3-BF4B-00C04F79EFBC}") = "CSS Text", "CSS Table\CSS Text.csproj", "{0C4FBF6A-DB33-48D6-8AF6-D7308DE20C75}"
EndProject
Global
	GlobalSection(SolutionConfigurationPlatforms) = preSolution
		Debug|Any CPU = Debug|Any CPU
		Release|Any CPU = Release|Any CPU
	EndGlobalSection
	GlobalSection(ProjectConfigurationPlatforms) = postSolution
		{7644721F-AF52-4A37-90E0-8EA51BF199EC}.Debug|Any CPU.ActiveCfg = Debug|Any CPU
		{7644721F-AF52-4A37-90E0-8EA51BF199EC}.Debug|Any CPU.Build.0 = Debug|Any CPU
		{7644721F-AF52-4A37-90E0-8EA51BF199EC}.Release|Any CPU.ActiveCfg = Release|Any CPU
		{7644721F-AF52-4A37-90E0-8EA51BF199EC}.Release|Any CPU.Build.0 = Release|Any CPU
		{C9837DCF-CC33-4789-8FFF-858AF110D248}.Debug|Any CPU.ActiveCfg = Debug|Any CPU
		{C9837DCF-CC33-4789-8FFF-858AF110D248}.Debug|Any CPU.Build.0 = Debug|Any CPU
		{C9837DCF-CC33-4789-8FFF-858AF110D248}.Release|Any CPU.ActiveCfg = Release|Any CPU
		{C9837DCF-CC33-4789-8FFF-858AF110D248}.Release|Any CPU.Build.0 = Release|Any CPU
		{0C4FBF6A-DB33-48D6-8AF6-D7308DE20C75}.Debug|Any CPU.ActiveCfg = Debug|Any CPU
		{0C4FBF6A-DB33-48D6-8AF6-D7308DE20C75}.Debug|Any CPU.Build.0 = Debug|Any CPU
		{0C4FBF6A-DB33-48D6-8AF6-D7308DE20C75}.Release|Any CPU.ActiveCfg = Release|Any CPU
		{0C4FBF6A-DB33-48D6-8AF6-D7308DE20C75}.Release|Any CPU.Build.0 = Release|Any CPU
	EndGlobalSection
	GlobalSection(SolutionProperties) = preSolution
		HideSolutionNode = FALSE
	EndGlobalSection
	GlobalSection(ExtensibilityGlobals) = postSolution
		SolutionGuid = {78F8AA78-07D1-4355-B3CB-A9DD44E1C370}
	EndGlobalSection
EndGlobal
