
Microsoft Visual Studio Solution File, Format Version 12.00
# Visual Studio Version 16
VisualStudioVersion = 16.0.30128.74
MinimumVisualStudioVersion = 10.0.40219.1
Project("{FAE04EC0-301F-11D3-BF4B-00C04F79EFBC}") = "HTML", "HTML\HTML.csproj", "{7644721F-AF52-4A37-90E0-8EA51BF199EC}"
EndProject
Project("{FAE04EC0-301F-11D3-BF4B-00C04F79EFBC}") = "CSS Form", "CSS Form\CSS Form.csproj", "{FE7C7EEB-1E71-4573-8202-53AEE417027D}"
EndProject
Project("{FAE04EC0-301F-11D3-BF4B-00C04F79EFBC}") = "Gabriel", "Gabriel\Gabriel.csproj", "{3722F5FE-AB67-4FAA-A4FB-261F784F8CDE}"
EndProject
Project("{FAE04EC0-301F-11D3-BF4B-00C04F79EFBC}") = "CSS Table", "CSS Table\CSS Table.csproj", "{71A55FEC-19B8-4E75-893B-40B7EDCC2FEF}"
EndProject
Project("{FAE04EC0-301F-11D3-BF4B-00C04F79EFBC}") = "CSS Text", "CSS Text\CSS Text.csproj", "{144C19AE-39EC-4050-BBE5-6DB68E7BF6F1}"
EndProject
Project("{FAE04EC0-301F-11D3-BF4B-00C04F79EFBC}") = "JS Arrays", "JS Arrays\JS Arrays.csproj", "{BFBB4F16-85AA-4B0D-8C57-31B2123EC505}"
EndProject
Project("{FAE04EC0-301F-11D3-BF4B-00C04F79EFBC}") = "JS Objects", "JS Objects\JS Objects.csproj", "{A066073C-49EC-453F-A9BA-80D87E6223D5}"
EndProject
Global
	GlobalSection(SolutionConfigurationPlatforms) = preSolution
		Debug|Any CPU = Debug|Any CPU
		Release|Any CPU = Release|Any CPU
	EndGlobalSection
	GlobalSection(ProjectConfigurationPlatforms) = postSolution
		{7644721F-AF52-4A37-90E0-8EA51BF199EC}.Debug|Any CPU.ActiveCfg = Debug|Any CPU
		{7644721F-AF52-4A37-90E0-8EA51BF199EC}.Debug|Any CPU.Build.0 = Debug|Any CPU
		{7644721F-AF52-4A37-90E0-8EA51BF199EC}.Release|Any CPU.ActiveCfg = Release|Any CPU
		{7644721F-AF52-4A37-90E0-8EA51BF199EC}.Release|Any CPU.Build.0 = Release|Any CPU
		{FE7C7EEB-1E71-4573-8202-53AEE417027D}.Debug|Any CPU.ActiveCfg = Debug|Any CPU
		{FE7C7EEB-1E71-4573-8202-53AEE417027D}.Debug|Any CPU.Build.0 = Debug|Any CPU
		{FE7C7EEB-1E71-4573-8202-53AEE417027D}.Release|Any CPU.ActiveCfg = Release|Any CPU
		{FE7C7EEB-1E71-4573-8202-53AEE417027D}.Release|Any CPU.Build.0 = Release|Any CPU
		{3722F5FE-AB67-4FAA-A4FB-261F784F8CDE}.Debug|Any CPU.ActiveCfg = Debug|Any CPU
		{3722F5FE-AB67-4FAA-A4FB-261F784F8CDE}.Debug|Any CPU.Build.0 = Debug|Any CPU
		{3722F5FE-AB67-4FAA-A4FB-261F784F8CDE}.Release|Any CPU.ActiveCfg = Release|Any CPU
		{3722F5FE-AB67-4FAA-A4FB-261F784F8CDE}.Release|Any CPU.Build.0 = Release|Any CPU
		{71A55FEC-19B8-4E75-893B-40B7EDCC2FEF}.Debug|Any CPU.ActiveCfg = Debug|Any CPU
		{71A55FEC-19B8-4E75-893B-40B7EDCC2FEF}.Debug|Any CPU.Build.0 = Debug|Any CPU
		{71A55FEC-19B8-4E75-893B-40B7EDCC2FEF}.Release|Any CPU.ActiveCfg = Release|Any CPU
		{71A55FEC-19B8-4E75-893B-40B7EDCC2FEF}.Release|Any CPU.Build.0 = Release|Any CPU
		{144C19AE-39EC-4050-BBE5-6DB68E7BF6F1}.Debug|Any CPU.ActiveCfg = Debug|Any CPU
		{144C19AE-39EC-4050-BBE5-6DB68E7BF6F1}.Debug|Any CPU.Build.0 = Debug|Any CPU
		{144C19AE-39EC-4050-BBE5-6DB68E7BF6F1}.Release|Any CPU.ActiveCfg = Release|Any CPU
		{144C19AE-39EC-4050-BBE5-6DB68E7BF6F1}.Release|Any CPU.Build.0 = Release|Any CPU
		{BFBB4F16-85AA-4B0D-8C57-31B2123EC505}.Debug|Any CPU.ActiveCfg = Debug|Any CPU
		{BFBB4F16-85AA-4B0D-8C57-31B2123EC505}.Debug|Any CPU.Build.0 = Debug|Any CPU
		{BFBB4F16-85AA-4B0D-8C57-31B2123EC505}.Release|Any CPU.ActiveCfg = Release|Any CPU
		{BFBB4F16-85AA-4B0D-8C57-31B2123EC505}.Release|Any CPU.Build.0 = Release|Any CPU
		{A066073C-49EC-453F-A9BA-80D87E6223D5}.Debug|Any CPU.ActiveCfg = Debug|Any CPU
		{A066073C-49EC-453F-A9BA-80D87E6223D5}.Debug|Any CPU.Build.0 = Debug|Any CPU
		{A066073C-49EC-453F-A9BA-80D87E6223D5}.Release|Any CPU.ActiveCfg = Release|Any CPU
		{A066073C-49EC-453F-A9BA-80D87E6223D5}.Release|Any CPU.Build.0 = Release|Any CPU
	EndGlobalSection
	GlobalSection(SolutionProperties) = preSolution
		HideSolutionNode = FALSE
	EndGlobalSection
	GlobalSection(ExtensibilityGlobals) = postSolution
		SolutionGuid = {78F8AA78-07D1-4355-B3CB-A9DD44E1C370}
	EndGlobalSection
EndGlobal
