
Microsoft Visual Studio Solution File, Format Version 12.00
# Visual Studio Version 16
VisualStudioVersion = 16.0.30128.74
MinimumVisualStudioVersion = 10.0.40219.1
Project("{FAE04EC0-301F-11D3-BF4B-00C04F79EFBC}") = "HTML", "HTML\HTML.csproj", "{7644721F-AF52-4A37-90E0-8EA51BF199EC}"
EndProject
Project("{FAE04EC0-301F-11D3-BF4B-00C04F79EFBC}") = "CSS Form", "CSS Form\CSS Form.csproj", "{FE7C7EEB-1E71-4573-8202-53AEE417027D}"
EndProject
Project("{FAE04EC0-301F-11D3-BF4B-00C04F79EFBC}") = "Gabriel", "Gabriel\Gabriel.csproj", "{3722F5FE-AB67-4FAA-A4FB-261F784F8CDE}"
EndProject
Project("{FAE04EC0-301F-11D3-BF4B-00C04F79EFBC}") = "CSS Table", "CSS Table\CSS Table.csproj", "{71A55FEC-19B8-4E75-893B-40B7EDCC2FEF}"
EndProject
Project("{FAE04EC0-301F-11D3-BF4B-00C04F79EFBC}") = "CSS Text", "CSS Text\CSS Text.csproj", "{144C19AE-39EC-4050-BBE5-6DB68E7BF6F1}"
EndProject
Project("{FAE04EC0-301F-11D3-BF4B-00C04F79EFBC}") = "JS Arrays", "JS Arrays\JS Arrays.csproj", "{BFBB4F16-85AA-4B0D-8C57-31B2123EC505}"
EndProject
Project("{FAE04EC0-301F-11D3-BF4B-00C04F79EFBC}") = "JS Objects", "JS Objects\JS Objects.csproj", "{A066073C-49EC-453F-A9BA-80D87E6223D5}"
EndProject
Project("{FAE04EC0-301F-11D3-BF4B-00C04F79EFBC}") = "JS TempConverter", "JS TempConverter\JS TempConverter.csproj", "{A8415FB5-85CF-4261-9449-887A197655C2}"
EndProject
Project("{FAE04EC0-301F-11D3-BF4B-00C04F79EFBC}") = "JS TodoList", "JS TodoList\JS TodoList.csproj", "{FCC9387D-0B5E-4284-858A-56610CF326D6}"
EndProject
Project("{FAE04EC0-301F-11D3-BF4B-00C04F79EFBC}") = "jQ PhoneBook", "jQ PhoneBook\jQ PhoneBook.csproj", "{9F7ED40B-EFFE-4D8D-8CB9-C537920E9790}"
EndProject
Project("{FAE04EC0-301F-11D3-BF4B-00C04F79EFBC}") = "Underscore", "Underscore\Underscore.csproj", "{3757E3EE-8D93-45EA-9336-FD54643CD576}"
EndProject
Project("{FAE04EC0-301F-11D3-BF4B-00C04F79EFBC}") = "Vue TodoList", "Vue TodoList\Vue TodoList.csproj", "{0A025C65-32AA-4DF0-857D-311C62938E70}"
EndProject
Global
	GlobalSection(SolutionConfigurationPlatforms) = preSolution
		Debug|Any CPU = Debug|Any CPU
		Release|Any CPU = Release|Any CPU
	EndGlobalSection
	GlobalSection(ProjectConfigurationPlatforms) = postSolution
		{7644721F-AF52-4A37-90E0-8EA51BF199EC}.Debug|Any CPU.ActiveCfg = Debug|Any CPU
		{7644721F-AF52-4A37-90E0-8EA51BF199EC}.Debug|Any CPU.Build.0 = Debug|Any CPU
		{7644721F-AF52-4A37-90E0-8EA51BF199EC}.Release|Any CPU.ActiveCfg = Release|Any CPU
		{7644721F-AF52-4A37-90E0-8EA51BF199EC}.Release|Any CPU.Build.0 = Release|Any CPU
		{FE7C7EEB-1E71-4573-8202-53AEE417027D}.Debug|Any CPU.ActiveCfg = Debug|Any CPU
		{FE7C7EEB-1E71-4573-8202-53AEE417027D}.Debug|Any CPU.Build.0 = Debug|Any CPU
		{FE7C7EEB-1E71-4573-8202-53AEE417027D}.Release|Any CPU.ActiveCfg = Release|Any CPU
		{FE7C7EEB-1E71-4573-8202-53AEE417027D}.Release|Any CPU.Build.0 = Release|Any CPU
		{3722F5FE-AB67-4FAA-A4FB-261F784F8CDE}.Debug|Any CPU.ActiveCfg = Debug|Any CPU
		{3722F5FE-AB67-4FAA-A4FB-261F784F8CDE}.Debug|Any CPU.Build.0 = Debug|Any CPU
		{3722F5FE-AB67-4FAA-A4FB-261F784F8CDE}.Release|Any CPU.ActiveCfg = Release|Any CPU
		{3722F5FE-AB67-4FAA-A4FB-261F784F8CDE}.Release|Any CPU.Build.0 = Release|Any CPU
		{71A55FEC-19B8-4E75-893B-40B7EDCC2FEF}.Debug|Any CPU.ActiveCfg = Debug|Any CPU
		{71A55FEC-19B8-4E75-893B-40B7EDCC2FEF}.Debug|Any CPU.Build.0 = Debug|Any CPU
		{71A55FEC-19B8-4E75-893B-40B7EDCC2FEF}.Release|Any CPU.ActiveCfg = Release|Any CPU
		{71A55FEC-19B8-4E75-893B-40B7EDCC2FEF}.Release|Any CPU.Build.0 = Release|Any CPU
		{144C19AE-39EC-4050-BBE5-6DB68E7BF6F1}.Debug|Any CPU.ActiveCfg = Debug|Any CPU
		{144C19AE-39EC-4050-BBE5-6DB68E7BF6F1}.Debug|Any CPU.Build.0 = Debug|Any CPU
		{144C19AE-39EC-4050-BBE5-6DB68E7BF6F1}.Release|Any CPU.ActiveCfg = Release|Any CPU
		{144C19AE-39EC-4050-BBE5-6DB68E7BF6F1}.Release|Any CPU.Build.0 = Release|Any CPU
		{BFBB4F16-85AA-4B0D-8C57-31B2123EC505}.Debug|Any CPU.ActiveCfg = Debug|Any CPU
		{BFBB4F16-85AA-4B0D-8C57-31B2123EC505}.Debug|Any CPU.Build.0 = Debug|Any CPU
		{BFBB4F16-85AA-4B0D-8C57-31B2123EC505}.Release|Any CPU.ActiveCfg = Release|Any CPU
		{BFBB4F16-85AA-4B0D-8C57-31B2123EC505}.Release|Any CPU.Build.0 = Release|Any CPU
		{A066073C-49EC-453F-A9BA-80D87E6223D5}.Debug|Any CPU.ActiveCfg = Debug|Any CPU
		{A066073C-49EC-453F-A9BA-80D87E6223D5}.Debug|Any CPU.Build.0 = Debug|Any CPU
		{A066073C-49EC-453F-A9BA-80D87E6223D5}.Release|Any CPU.ActiveCfg = Release|Any CPU
		{A066073C-49EC-453F-A9BA-80D87E6223D5}.Release|Any CPU.Build.0 = Release|Any CPU
		{A8415FB5-85CF-4261-9449-887A197655C2}.Debug|Any CPU.ActiveCfg = Debug|Any CPU
		{A8415FB5-85CF-4261-9449-887A197655C2}.Debug|Any CPU.Build.0 = Debug|Any CPU
		{A8415FB5-85CF-4261-9449-887A197655C2}.Release|Any CPU.ActiveCfg = Release|Any CPU
		{A8415FB5-85CF-4261-9449-887A197655C2}.Release|Any CPU.Build.0 = Release|Any CPU
		{FCC9387D-0B5E-4284-858A-56610CF326D6}.Debug|Any CPU.ActiveCfg = Debug|Any CPU
		{FCC9387D-0B5E-4284-858A-56610CF326D6}.Debug|Any CPU.Build.0 = Debug|Any CPU
		{FCC9387D-0B5E-4284-858A-56610CF326D6}.Release|Any CPU.ActiveCfg = Release|Any CPU
		{FCC9387D-0B5E-4284-858A-56610CF326D6}.Release|Any CPU.Build.0 = Release|Any CPU
		{9F7ED40B-EFFE-4D8D-8CB9-C537920E9790}.Debug|Any CPU.ActiveCfg = Debug|Any CPU
		{9F7ED40B-EFFE-4D8D-8CB9-C537920E9790}.Debug|Any CPU.Build.0 = Debug|Any CPU
		{9F7ED40B-EFFE-4D8D-8CB9-C537920E9790}.Release|Any CPU.ActiveCfg = Release|Any CPU
		{9F7ED40B-EFFE-4D8D-8CB9-C537920E9790}.Release|Any CPU.Build.0 = Release|Any CPU
		{3757E3EE-8D93-45EA-9336-FD54643CD576}.Debug|Any CPU.ActiveCfg = Debug|Any CPU
		{3757E3EE-8D93-45EA-9336-FD54643CD576}.Debug|Any CPU.Build.0 = Debug|Any CPU
		{3757E3EE-8D93-45EA-9336-FD54643CD576}.Release|Any CPU.ActiveCfg = Release|Any CPU
		{3757E3EE-8D93-45EA-9336-FD54643CD576}.Release|Any CPU.Build.0 = Release|Any CPU
		{0A025C65-32AA-4DF0-857D-311C62938E70}.Debug|Any CPU.ActiveCfg = Debug|Any CPU
		{0A025C65-32AA-4DF0-857D-311C62938E70}.Debug|Any CPU.Build.0 = Debug|Any CPU
		{0A025C65-32AA-4DF0-857D-311C62938E70}.Release|Any CPU.ActiveCfg = Release|Any CPU
		{0A025C65-32AA-4DF0-857D-311C62938E70}.Release|Any CPU.Build.0 = Release|Any CPU
	EndGlobalSection
	GlobalSection(SolutionProperties) = preSolution
		HideSolutionNode = FALSE
	EndGlobalSection
	GlobalSection(ExtensibilityGlobals) = postSolution
		SolutionGuid = {78F8AA78-07D1-4355-B3CB-A9DD44E1C370}
	EndGlobalSection
EndGlobal
